
Microsoft Visual Studio Solution File, Format Version 12.00
# Visual Studio Version 17
VisualStudioVersion = 17.10.35013.160
MinimumVisualStudioVersion = 10.0.40219.1
Project("{FAE04EC0-301F-11D3-BF4B-00C04F79EFBC}") = "Aprecia.OnBoarding.Gateway.Api", "Aprecia.OnBoarding.Gateway.Api\Aprecia.OnBoarding.Gateway.Api.csproj", "{9C3188E1-18D2-4EAC-AFE5-18866531826D}"
EndProject
Project("{2150E333-8FDC-42A3-9474-1A3956D46DE8}") = "Businnes", "Businnes", "{1C4FBC91-5047-4AC9-B5F8-4FC6A4EC2225}"
EndProject
Project("{2150E333-8FDC-42A3-9474-1A3956D46DE8}") = "Test", "Test", "{F08B8C0B-4675-49D3-8585-F7C7803F4FC1}"
EndProject
Project("{2150E333-8FDC-42A3-9474-1A3956D46DE8}") = "Apis", "Apis", "{D9840410-E555-482E-A255-507FA7737659}"
EndProject
Project("{FAE04EC0-301F-11D3-BF4B-00C04F79EFBC}") = "Aprecia.OnBoarding.Gateway.Test", "Aprecia.OnBoarding.Gateway.Test\Aprecia.OnBoarding.Gateway.Test.csproj", "{9ED93AF6-4669-4BB5-98EE-4F007FF830A1}"
EndProject
Project("{2150E333-8FDC-42A3-9474-1A3956D46DE8}") = "Domain", "Domain", "{2E019233-E577-4C57-A594-A857F0BB2AFA}"
EndProject
Project("{2150E333-8FDC-42A3-9474-1A3956D46DE8}") = "Test", "Test", "{BCB0ED38-D8EC-4B02-91C1-16AB233DD51C}"
EndProject
Project("{FAE04EC0-301F-11D3-BF4B-00C04F79EFBC}") = "Aprecia.Domain.Gateway.Test", "Aprecia.Domain.Gateway.Test\Aprecia.Domain.Gateway.Test.csproj", "{5FB45E22-6109-477B-9932-EBCEE92B3F9B}"
EndProject
Project("{2150E333-8FDC-42A3-9474-1A3956D46DE8}") = "Shared", "Shared", "{1DE9992C-BE6E-4CCF-BAEE-BC12A98DC76B}"
EndProject
Project("{FAE04EC0-301F-11D3-BF4B-00C04F79EFBC}") = "Aprecia.Domain.Gateway.Shared", "Aprecia.Domain.Gateway.Shared\Aprecia.Domain.Gateway.Shared.csproj", "{4EA3052E-AA0F-4B82-A6D2-BD8D17C0B107}"
EndProject
Project("{2150E333-8FDC-42A3-9474-1A3956D46DE8}") = "DataAccess", "DataAccess", "{B64F045C-8595-476A-A875-76936100CF21}"
EndProject
Project("{2150E333-8FDC-42A3-9474-1A3956D46DE8}") = "Test", "Test", "{EA2F47A0-04F6-4E53-A8D1-534A634667BE}"
EndProject
Project("{FAE04EC0-301F-11D3-BF4B-00C04F79EFBC}") = "Aprecia.DataAccess.Gateway.Test", "Aprecia.DataAccess.Gateway.Test\Aprecia.DataAccess.Gateway.Test.csproj", "{C824E751-C119-423F-8C07-8FF56C5FB856}"
EndProject
Project("{2150E333-8FDC-42A3-9474-1A3956D46DE8}") = "DependencyInjection", "DependencyInjection", "{B268E541-4770-4CED-8E34-9718AE8C3DBC}"
EndProject
Project("{FAE04EC0-301F-11D3-BF4B-00C04F79EFBC}") = "Aprecia.DI.Gateway.Test", "Aprecia.DI.Gateway.Test\Aprecia.DI.Gateway.Test.csproj", "{6455559F-0D1E-4BC5-8BFF-2F5F54B9D9F1}"
EndProject
Project("{2150E333-8FDC-42A3-9474-1A3956D46DE8}") = "Authorization", "Authorization", "{02EA681E-C7D8-13C7-8484-4AC65E1B71E8}"
EndProject
Project("{FAE04EC0-301F-11D3-BF4B-00C04F79EFBC}") = "Aprecia.Bussines.Gateway.Authorization", "Aprecia.Bussines.Gateway.Authorization\Aprecia.Bussines.Gateway.Authorization.csproj", "{FC955627-91CE-499A-8CDA-74A2A84B008C}"
EndProject
Project("{2150E333-8FDC-42A3-9474-1A3956D46DE8}") = "Authorization", "Authorization", "{2B1DCC27-A06B-4593-B7DC-B2718E56BCA4}"
EndProject
Project("{FAE04EC0-301F-11D3-BF4B-00C04F79EFBC}") = "Aprecia.Domain.Gateway.Authorization", "Aprecia.Domain.Gateway.Authorization\Aprecia.Domain.Gateway.Authorization.csproj", "{40FF3E78-5370-4B9E-A5EF-CB2E9AE20290}"
EndProject
Project("{2150E333-8FDC-42A3-9474-1A3956D46DE8}") = "Autorizathion", "Autorizathion", "{7ECFD736-62D3-4574-99B5-37D3916944F1}"
EndProject
Project("{FAE04EC0-301F-11D3-BF4B-00C04F79EFBC}") = "Aprecia.DataAccess.Gateway.Authorization", "Aprecia.DataAccess.Gateway.Authorization\Aprecia.DataAccess.Gateway.Authorization.csproj", "{2D876B47-F311-4B93-B631-AFC942425504}"
EndProject
Project("{FAE04EC0-301F-11D3-BF4B-00C04F79EFBC}") = "Aprecia.DI.Gateway.Authorization", "Aprecia.DI.Gateway.Authorization\Aprecia.DI.Gateway.Authorization.csproj", "{33AE7EC3-65EF-43DB-BFA7-FB45A568C749}"
EndProject
Project("{2150E333-8FDC-42A3-9474-1A3956D46DE8}") = "SalesExecutive", "SalesExecutive", "{46810B56-8688-4FC6-A552-361154BB1456}"
EndProject
Project("{FAE04EC0-301F-11D3-BF4B-00C04F79EFBC}") = "Aprecia.OnBoarding.Gateway.SalesExecutive", "Aprecia.OnBoarding.Gateway.SalesExecutive\Aprecia.OnBoarding.Gateway.SalesExecutive.csproj", "{4915C20A-759C-4F30-A090-6966FC6B416B}"
EndProject
Project("{2150E333-8FDC-42A3-9474-1A3956D46DE8}") = "SalesExecutive", "SalesExecutive", "{DB66E6CC-1703-473E-BFC0-B9D902A3A499}"
EndProject
Project("{FAE04EC0-301F-11D3-BF4B-00C04F79EFBC}") = "Aprecia.Domain.Gateway.SalesExecutive", "Aprecia.Domain.Gateway.SalesExecutive\Aprecia.Domain.Gateway.SalesExecutive.csproj", "{4D7A8D58-12A0-42FD-B20D-88E51D7064CB}"
EndProject
Project("{2150E333-8FDC-42A3-9474-1A3956D46DE8}") = "SalesExecutive", "SalesExecutive", "{B33F8E32-0B40-4913-B484-ED459AD10336}"
EndProject
Project("{FAE04EC0-301F-11D3-BF4B-00C04F79EFBC}") = "Aprecia.DataAccess.Gateway.SalesExecutive", "Aprecia.DataAccess.Gateway.SalesExecutive\Aprecia.DataAccess.Gateway.SalesExecutive.csproj", "{6DD3B342-3E18-41FB-A7B9-4A790DB4520F}"
EndProject
Project("{FAE04EC0-301F-11D3-BF4B-00C04F79EFBC}") = "Aprecia.DI.Gateway.SalesExecutive", "Aprecia.DI.Gateway.SalesExecutive\Aprecia.DI.Gateway.SalesExecutive.csproj", "{5FB406C6-E818-423B-9F09-82ABA72146D3}"
EndProject
Project("{2150E333-8FDC-42A3-9474-1A3956D46DE8}") = "Shared", "Shared", "{CBE33BA9-186F-4281-81C7-CD9608EF01C2}"
EndProject
Project("{FAE04EC0-301F-11D3-BF4B-00C04F79EFBC}") = "Aprecia.Bussines.Gateway.Shared", "Aprecia.Bussines.Gateway.Shared\Aprecia.Bussines.Gateway.Shared.csproj", "{21A54B00-249B-4279-8879-C53CE2DF6013}"
EndProject
Global
	GlobalSection(SolutionConfigurationPlatforms) = preSolution
		Debug|Any CPU = Debug|Any CPU
		Release|Any CPU = Release|Any CPU
	EndGlobalSection
	GlobalSection(ProjectConfigurationPlatforms) = postSolution
		{9C3188E1-18D2-4EAC-AFE5-18866531826D}.Debug|Any CPU.ActiveCfg = Debug|Any CPU
		{9C3188E1-18D2-4EAC-AFE5-18866531826D}.Debug|Any CPU.Build.0 = Debug|Any CPU
		{9C3188E1-18D2-4EAC-AFE5-18866531826D}.Release|Any CPU.ActiveCfg = Release|Any CPU
		{9C3188E1-18D2-4EAC-AFE5-18866531826D}.Release|Any CPU.Build.0 = Release|Any CPU
		{9ED93AF6-4669-4BB5-98EE-4F007FF830A1}.Debug|Any CPU.ActiveCfg = Debug|Any CPU
		{9ED93AF6-4669-4BB5-98EE-4F007FF830A1}.Debug|Any CPU.Build.0 = Debug|Any CPU
		{9ED93AF6-4669-4BB5-98EE-4F007FF830A1}.Release|Any CPU.ActiveCfg = Release|Any CPU
		{9ED93AF6-4669-4BB5-98EE-4F007FF830A1}.Release|Any CPU.Build.0 = Release|Any CPU
		{5FB45E22-6109-477B-9932-EBCEE92B3F9B}.Debug|Any CPU.ActiveCfg = Debug|Any CPU
		{5FB45E22-6109-477B-9932-EBCEE92B3F9B}.Debug|Any CPU.Build.0 = Debug|Any CPU
		{5FB45E22-6109-477B-9932-EBCEE92B3F9B}.Release|Any CPU.ActiveCfg = Release|Any CPU
		{5FB45E22-6109-477B-9932-EBCEE92B3F9B}.Release|Any CPU.Build.0 = Release|Any CPU
		{4EA3052E-AA0F-4B82-A6D2-BD8D17C0B107}.Debug|Any CPU.ActiveCfg = Debug|Any CPU
		{4EA3052E-AA0F-4B82-A6D2-BD8D17C0B107}.Debug|Any CPU.Build.0 = Debug|Any CPU
		{4EA3052E-AA0F-4B82-A6D2-BD8D17C0B107}.Release|Any CPU.ActiveCfg = Release|Any CPU
		{4EA3052E-AA0F-4B82-A6D2-BD8D17C0B107}.Release|Any CPU.Build.0 = Release|Any CPU
		{C824E751-C119-423F-8C07-8FF56C5FB856}.Debug|Any CPU.ActiveCfg = Debug|Any CPU
		{C824E751-C119-423F-8C07-8FF56C5FB856}.Debug|Any CPU.Build.0 = Debug|Any CPU
		{C824E751-C119-423F-8C07-8FF56C5FB856}.Release|Any CPU.ActiveCfg = Release|Any CPU
		{C824E751-C119-423F-8C07-8FF56C5FB856}.Release|Any CPU.Build.0 = Release|Any CPU
		{6455559F-0D1E-4BC5-8BFF-2F5F54B9D9F1}.Debug|Any CPU.ActiveCfg = Debug|Any CPU
		{6455559F-0D1E-4BC5-8BFF-2F5F54B9D9F1}.Debug|Any CPU.Build.0 = Debug|Any CPU
		{6455559F-0D1E-4BC5-8BFF-2F5F54B9D9F1}.Release|Any CPU.ActiveCfg = Release|Any CPU
		{6455559F-0D1E-4BC5-8BFF-2F5F54B9D9F1}.Release|Any CPU.Build.0 = Release|Any CPU
		{FC955627-91CE-499A-8CDA-74A2A84B008C}.Debug|Any CPU.ActiveCfg = Debug|Any CPU
		{FC955627-91CE-499A-8CDA-74A2A84B008C}.Debug|Any CPU.Build.0 = Debug|Any CPU
		{FC955627-91CE-499A-8CDA-74A2A84B008C}.Release|Any CPU.ActiveCfg = Release|Any CPU
		{FC955627-91CE-499A-8CDA-74A2A84B008C}.Release|Any CPU.Build.0 = Release|Any CPU
		{40FF3E78-5370-4B9E-A5EF-CB2E9AE20290}.Debug|Any CPU.ActiveCfg = Debug|Any CPU
		{40FF3E78-5370-4B9E-A5EF-CB2E9AE20290}.Debug|Any CPU.Build.0 = Debug|Any CPU
		{40FF3E78-5370-4B9E-A5EF-CB2E9AE20290}.Release|Any CPU.ActiveCfg = Release|Any CPU
		{40FF3E78-5370-4B9E-A5EF-CB2E9AE20290}.Release|Any CPU.Build.0 = Release|Any CPU
		{2D876B47-F311-4B93-B631-AFC942425504}.Debug|Any CPU.ActiveCfg = Debug|Any CPU
		{2D876B47-F311-4B93-B631-AFC942425504}.Debug|Any CPU.Build.0 = Debug|Any CPU
		{2D876B47-F311-4B93-B631-AFC942425504}.Release|Any CPU.ActiveCfg = Release|Any CPU
		{2D876B47-F311-4B93-B631-AFC942425504}.Release|Any CPU.Build.0 = Release|Any CPU
		{33AE7EC3-65EF-43DB-BFA7-FB45A568C749}.Debug|Any CPU.ActiveCfg = Debug|Any CPU
		{33AE7EC3-65EF-43DB-BFA7-FB45A568C749}.Debug|Any CPU.Build.0 = Debug|Any CPU
		{33AE7EC3-65EF-43DB-BFA7-FB45A568C749}.Release|Any CPU.ActiveCfg = Release|Any CPU
		{33AE7EC3-65EF-43DB-BFA7-FB45A568C749}.Release|Any CPU.Build.0 = Release|Any CPU
		{4915C20A-759C-4F30-A090-6966FC6B416B}.Debug|Any CPU.ActiveCfg = Debug|Any CPU
		{4915C20A-759C-4F30-A090-6966FC6B416B}.Debug|Any CPU.Build.0 = Debug|Any CPU
		{4915C20A-759C-4F30-A090-6966FC6B416B}.Release|Any CPU.ActiveCfg = Release|Any CPU
		{4915C20A-759C-4F30-A090-6966FC6B416B}.Release|Any CPU.Build.0 = Release|Any CPU
		{4D7A8D58-12A0-42FD-B20D-88E51D7064CB}.Debug|Any CPU.ActiveCfg = Debug|Any CPU
		{4D7A8D58-12A0-42FD-B20D-88E51D7064CB}.Debug|Any CPU.Build.0 = Debug|Any CPU
		{4D7A8D58-12A0-42FD-B20D-88E51D7064CB}.Release|Any CPU.ActiveCfg = Release|Any CPU
		{4D7A8D58-12A0-42FD-B20D-88E51D7064CB}.Release|Any CPU.Build.0 = Release|Any CPU
		{6DD3B342-3E18-41FB-A7B9-4A790DB4520F}.Debug|Any CPU.ActiveCfg = Debug|Any CPU
		{6DD3B342-3E18-41FB-A7B9-4A790DB4520F}.Debug|Any CPU.Build.0 = Debug|Any CPU
		{6DD3B342-3E18-41FB-A7B9-4A790DB4520F}.Release|Any CPU.ActiveCfg = Release|Any CPU
		{6DD3B342-3E18-41FB-A7B9-4A790DB4520F}.Release|Any CPU.Build.0 = Release|Any CPU
		{5FB406C6-E818-423B-9F09-82ABA72146D3}.Debug|Any CPU.ActiveCfg = Debug|Any CPU
		{5FB406C6-E818-423B-9F09-82ABA72146D3}.Debug|Any CPU.Build.0 = Debug|Any CPU
		{5FB406C6-E818-423B-9F09-82ABA72146D3}.Release|Any CPU.ActiveCfg = Release|Any CPU
		{5FB406C6-E818-423B-9F09-82ABA72146D3}.Release|Any CPU.Build.0 = Release|Any CPU
		{21A54B00-249B-4279-8879-C53CE2DF6013}.Debug|Any CPU.ActiveCfg = Debug|Any CPU
		{21A54B00-249B-4279-8879-C53CE2DF6013}.Debug|Any CPU.Build.0 = Debug|Any CPU
		{21A54B00-249B-4279-8879-C53CE2DF6013}.Release|Any CPU.ActiveCfg = Release|Any CPU
		{21A54B00-249B-4279-8879-C53CE2DF6013}.Release|Any CPU.Build.0 = Release|Any CPU
	EndGlobalSection
	GlobalSection(SolutionProperties) = preSolution
		HideSolutionNode = FALSE
	EndGlobalSection
	GlobalSection(NestedProjects) = preSolution
		{9C3188E1-18D2-4EAC-AFE5-18866531826D} = {D9840410-E555-482E-A255-507FA7737659}
		{F08B8C0B-4675-49D3-8585-F7C7803F4FC1} = {1C4FBC91-5047-4AC9-B5F8-4FC6A4EC2225}
		{9ED93AF6-4669-4BB5-98EE-4F007FF830A1} = {F08B8C0B-4675-49D3-8585-F7C7803F4FC1}
		{BCB0ED38-D8EC-4B02-91C1-16AB233DD51C} = {2E019233-E577-4C57-A594-A857F0BB2AFA}
		{5FB45E22-6109-477B-9932-EBCEE92B3F9B} = {BCB0ED38-D8EC-4B02-91C1-16AB233DD51C}
		{1DE9992C-BE6E-4CCF-BAEE-BC12A98DC76B} = {2E019233-E577-4C57-A594-A857F0BB2AFA}
		{4EA3052E-AA0F-4B82-A6D2-BD8D17C0B107} = {1DE9992C-BE6E-4CCF-BAEE-BC12A98DC76B}
		{EA2F47A0-04F6-4E53-A8D1-534A634667BE} = {B64F045C-8595-476A-A875-76936100CF21}
		{C824E751-C119-423F-8C07-8FF56C5FB856} = {EA2F47A0-04F6-4E53-A8D1-534A634667BE}
		{6455559F-0D1E-4BC5-8BFF-2F5F54B9D9F1} = {B268E541-4770-4CED-8E34-9718AE8C3DBC}
		{02EA681E-C7D8-13C7-8484-4AC65E1B71E8} = {1C4FBC91-5047-4AC9-B5F8-4FC6A4EC2225}
		{FC955627-91CE-499A-8CDA-74A2A84B008C} = {02EA681E-C7D8-13C7-8484-4AC65E1B71E8}
		{2B1DCC27-A06B-4593-B7DC-B2718E56BCA4} = {2E019233-E577-4C57-A594-A857F0BB2AFA}
		{40FF3E78-5370-4B9E-A5EF-CB2E9AE20290} = {2B1DCC27-A06B-4593-B7DC-B2718E56BCA4}
		{7ECFD736-62D3-4574-99B5-37D3916944F1} = {B64F045C-8595-476A-A875-76936100CF21}
		{2D876B47-F311-4B93-B631-AFC942425504} = {7ECFD736-62D3-4574-99B5-37D3916944F1}
		{33AE7EC3-65EF-43DB-BFA7-FB45A568C749} = {B268E541-4770-4CED-8E34-9718AE8C3DBC}
		{46810B56-8688-4FC6-A552-361154BB1456} = {1C4FBC91-5047-4AC9-B5F8-4FC6A4EC2225}
		{4915C20A-759C-4F30-A090-6966FC6B416B} = {46810B56-8688-4FC6-A552-361154BB1456}
		{DB66E6CC-1703-473E-BFC0-B9D902A3A499} = {2E019233-E577-4C57-A594-A857F0BB2AFA}
		{4D7A8D58-12A0-42FD-B20D-88E51D7064CB} = {DB66E6CC-1703-473E-BFC0-B9D902A3A499}
		{B33F8E32-0B40-4913-B484-ED459AD10336} = {B64F045C-8595-476A-A875-76936100CF21}
		{6DD3B342-3E18-41FB-A7B9-4A790DB4520F} = {B33F8E32-0B40-4913-B484-ED459AD10336}
		{5FB406C6-E818-423B-9F09-82ABA72146D3} = {B268E541-4770-4CED-8E34-9718AE8C3DBC}
		{CBE33BA9-186F-4281-81C7-CD9608EF01C2} = {1C4FBC91-5047-4AC9-B5F8-4FC6A4EC2225}
		{21A54B00-249B-4279-8879-C53CE2DF6013} = {CBE33BA9-186F-4281-81C7-CD9608EF01C2}
	EndGlobalSection
	GlobalSection(ExtensibilityGlobals) = postSolution
		SolutionGuid = {3F0C94B0-3C04-4580-B2E9-4E3EDDFC0AAA}
	EndGlobalSection
EndGlobal
